
Microsoft Visual Studio Solution File, Format Version 12.00
# Visual Studio 15
VisualStudioVersion = 15.0.26403.7
MinimumVisualStudioVersion = 10.0.40219.1
Project("{2150E333-8FDC-42A3-9474-1A3956D46DE8}") = "Solution Items", "Solution Items", "{74634572-9347-4700-8387-86C9943D9717}"
	ProjectSection(SolutionItems) = preProject
		.gitattribute = .gitattribute
		.gitignore = .gitignore
		GruntFile.js = GruntFile.js
		package.json = package.json
	EndProjectSection
EndProject
Project("{FAE04EC0-301F-11D3-BF4B-00C04F79EFBC}") = "api.common", "gexa.api.common\api.common.csproj", "{69F95319-0734-48DF-90A9-43B5EE26630B}"
EndProject
Project("{FAE04EC0-301F-11D3-BF4B-00C04F79EFBC}") = "api.common.tests", "gexa.api.common.tests\api.common.tests.csproj", "{9E42B654-3A59-47E1-8EF7-619DB4E0B4FD}"
EndProject
Global
	GlobalSection(SolutionConfigurationPlatforms) = preSolution
		Debug|Any CPU = Debug|Any CPU
		Release|Any CPU = Release|Any CPU
	EndGlobalSection
	GlobalSection(ProjectConfigurationPlatforms) = postSolution
		{69F95319-0734-48DF-90A9-43B5EE26630B}.Debug|Any CPU.ActiveCfg = Debug|Any CPU
		{69F95319-0734-48DF-90A9-43B5EE26630B}.Debug|Any CPU.Build.0 = Debug|Any CPU
		{69F95319-0734-48DF-90A9-43B5EE26630B}.Release|Any CPU.ActiveCfg = Release|Any CPU
		{69F95319-0734-48DF-90A9-43B5EE26630B}.Release|Any CPU.Build.0 = Release|Any CPU
		{9E42B654-3A59-47E1-8EF7-619DB4E0B4FD}.Debug|Any CPU.ActiveCfg = Debug|Any CPU
		{9E42B654-3A59-47E1-8EF7-619DB4E0B4FD}.Debug|Any CPU.Build.0 = Debug|Any CPU
		{9E42B654-3A59-47E1-8EF7-619DB4E0B4FD}.Release|Any CPU.ActiveCfg = Release|Any CPU
		{9E42B654-3A59-47E1-8EF7-619DB4E0B4FD}.Release|Any CPU.Build.0 = Release|Any CPU
	EndGlobalSection
	GlobalSection(SolutionProperties) = preSolution
		HideSolutionNode = FALSE
	EndGlobalSection
EndGlobal
